
Microsoft Visual Studio Solution File, Format Version 12.00
# Visual Studio Version 17
VisualStudioVersion = 17.7.34221.43
MinimumVisualStudioVersion = 10.0.40219.1
Project("{FAE04EC0-301F-11D3-BF4B-00C04F79EFBC}") = "HAN-ASD-ADP", "HAN-ASD-ADP\HAN-ASD-ADP.csproj", "{485526C2-B29E-4DD2-AA76-9C857D8D7006}"
EndProject
Global
	GlobalSection(SolutionConfigurationPlatforms) = preSolution
		Debug|Any CPU = Debug|Any CPU
		Release|Any CPU = Release|Any CPU
	EndGlobalSection
	GlobalSection(ProjectConfigurationPlatforms) = postSolution
		{485526C2-B29E-4DD2-AA76-9C857D8D7006}.Debug|Any CPU.ActiveCfg = Debug|Any CPU
		{485526C2-B29E-4DD2-AA76-9C857D8D7006}.Debug|Any CPU.Build.0 = Debug|Any CPU
		{485526C2-B29E-4DD2-AA76-9C857D8D7006}.Release|Any CPU.ActiveCfg = Release|Any CPU
		{485526C2-B29E-4DD2-AA76-9C857D8D7006}.Release|Any CPU.Build.0 = Release|Any CPU
	EndGlobalSection
	GlobalSection(SolutionProperties) = preSolution
		HideSolutionNode = FALSE
	EndGlobalSection
	GlobalSection(ExtensibilityGlobals) = postSolution
		SolutionGuid = {1AAE93EB-DC31-4992-9B88-3BD39E8AFBE9}
	EndGlobalSection
EndGlobal
